
Microsoft Visual Studio Solution File, Format Version 12.00
# Visual Studio 15
VisualStudioVersion = 15.0.27130.2020
MinimumVisualStudioVersion = 10.0.40219.1
Project("{9A19103F-16F7-4668-BE54-9A1E7A4F7556}") = "BFF.DataVirtualizingCollection", "BFF.DataVirtualizingCollection\BFF.DataVirtualizingCollection.csproj", "{D4D769DA-F7A2-43F0-ADA7-5895D36D585F}"
EndProject
Global
	GlobalSection(SolutionConfigurationPlatforms) = preSolution
		Debug|Any CPU = Debug|Any CPU
		Release|Any CPU = Release|Any CPU
	EndGlobalSection
	GlobalSection(ProjectConfigurationPlatforms) = postSolution
		{D4D769DA-F7A2-43F0-ADA7-5895D36D585F}.Debug|Any CPU.ActiveCfg = Debug|Any CPU
		{D4D769DA-F7A2-43F0-ADA7-5895D36D585F}.Debug|Any CPU.Build.0 = Debug|Any CPU
		{D4D769DA-F7A2-43F0-ADA7-5895D36D585F}.Release|Any CPU.ActiveCfg = Release|Any CPU
		{D4D769DA-F7A2-43F0-ADA7-5895D36D585F}.Release|Any CPU.Build.0 = Release|Any CPU
	EndGlobalSection
	GlobalSection(SolutionProperties) = preSolution
		HideSolutionNode = FALSE
	EndGlobalSection
	GlobalSection(ExtensibilityGlobals) = postSolution
		SolutionGuid = {06A68F93-74CC-4C15-BD02-62B43AB8A585}
	EndGlobalSection
EndGlobal
